version = 1
revision = 1
requires-python = ">=3.8"
resolution-markers = [
    "python_full_version >= '3.10'",
    "python_full_version < '3.10'",
]

[[package]]
name = "asgiref"
version = "3.8.1"
source = { registry = "https://pypi.org/simple" }
dependencies = [
    { name = "typing-extensions", marker = "python_full_version < '3.11'" },
]
sdist = { url = "https://files.pythonhosted.org/packages/29/38/b3395cc9ad1b56d2ddac9970bc8f4141312dbaec28bc7c218b0dfafd0f42/asgiref-3.8.1.tar.gz", hash = "sha256:c343bd80a0bec947a9860adb4c432ffa7db769836c64238fc34bdc3fec84d590", size = 35186 }
wheels = [
    { url = "https://files.pythonhosted.org/packages/39/e3/893e8757be2612e6c266d9bb58ad2e3651524b5b40cf56761e985a28b13e/asgiref-3.8.1-py3-none-any.whl", hash = "sha256:3e1e3ecc849832fe52ccf2cb6686b7a55f82bb1d6aee72a58826471390335e47", size = 23828 },
]

[[package]]
name = "backports-zoneinfo"
version = "0.2.1"
source = { registry = "https://pypi.org/simple" }
sdist = { url = "https://files.pythonhosted.org/packages/ad/85/475e514c3140937cf435954f78dedea1861aeab7662d11de232bdaa90655/backports.zoneinfo-0.2.1.tar.gz", hash = "sha256:fadbfe37f74051d024037f223b8e001611eac868b5c5b06144ef4d8b799862f2", size = 74098 }
wheels = [
    { url = "https://files.pythonhosted.org/packages/4a/6d/eca004eeadcbf8bd64cc96feb9e355536147f0577420b44d80c7cac70767/backports.zoneinfo-0.2.1-cp38-cp38-macosx_10_14_x86_64.whl", hash = "sha256:8961c0f32cd0336fb8e8ead11a1f8cd99ec07145ec2931122faaac1c8f7fd987", size = 35816 },
    { url = "https://files.pythonhosted.org/packages/c1/8f/9b1b920a6a95652463143943fa3b8c000cb0b932ab463764a6f2a2416560/backports.zoneinfo-0.2.1-cp38-cp38-manylinux1_i686.whl", hash = "sha256:e81b76cace8eda1fca50e345242ba977f9be6ae3945af8d46326d776b4cf78d1", size = 72147 },
    { url = "https://files.pythonhosted.org/packages/1a/ab/3e941e3fcf1b7d3ab3d0233194d99d6a0ed6b24f8f956fc81e47edc8c079/backports.zoneinfo-0.2.1-cp38-cp38-manylinux1_x86_64.whl", hash = "sha256:7b0a64cda4145548fed9efc10322770f929b944ce5cee6c0dfe0c87bf4c0c8c9", size = 74033 },
    { url = "https://files.pythonhosted.org/packages/c0/34/5fdb0a3a28841d215c255be8fc60b8666257bb6632193c86fd04b63d4a31/backports.zoneinfo-0.2.1-cp38-cp38-win32.whl", hash = "sha256:1b13e654a55cd45672cb54ed12148cd33628f672548f373963b0bff67b217328", size = 36803 },
    { url = "https://files.pythonhosted.org/packages/78/cc/e27fd6493bbce8dbea7e6c1bc861fe3d3bc22c4f7c81f4c3befb8ff5bfaf/backports.zoneinfo-0.2.1-cp38-cp38-win_amd64.whl", hash = "sha256:4a0f800587060bf8880f954dbef70de6c11bbe59c673c3d818921f042f9954a6", size = 38967 },
]

[[package]]
name = "django"
version = "4.2.20"
source = { registry = "https://pypi.org/simple" }
resolution-markers = [
    "python_full_version < '3.10'",
]
dependencies = [
    { name = "asgiref", marker = "python_full_version < '3.10'" },
    { name = "backports-zoneinfo", marker = "python_full_version < '3.9'" },
    { name = "sqlparse", marker = "python_full_version < '3.10'" },
    { name = "tzdata", marker = "python_full_version < '3.10' and sys_platform == 'win32'" },
]
sdist = { url = "https://files.pythonhosted.org/packages/0a/dd/33d2a11713f6b78493273a32d99bb449f2d93663ed4ec15a8b890d44ba04/Django-4.2.20.tar.gz", hash = "sha256:92bac5b4432a64532abb73b2ac27203f485e40225d2640a7fbef2b62b876e789", size = 10432686 }
wheels = [
    { url = "https://files.pythonhosted.org/packages/b3/5d/7571ba1c288ead056dda7adad46b25cbf64790576f095565282e996138b1/Django-4.2.20-py3-none-any.whl", hash = "sha256:213381b6e4405f5c8703fffc29cd719efdf189dec60c67c04f76272b3dc845b9", size = 7993584 },
]

[[package]]
name = "django"
version = "5.1.7"
source = { registry = "https://pypi.org/simple" }
resolution-markers = [
    "python_full_version >= '3.10'",
]
dependencies = [
    { name = "asgiref", marker = "python_full_version >= '3.10'" },
    { name = "sqlparse", marker = "python_full_version >= '3.10'" },
    { name = "tzdata", marker = "python_full_version >= '3.10' and sys_platform == 'win32'" },
]
sdist = { url = "https://files.pythonhosted.org/packages/5f/57/11186e493ddc5a5e92cc7924a6363f7d4c2b645f7d7cb04a26a63f9bfb8b/Django-5.1.7.tar.gz", hash = "sha256:30de4ee43a98e5d3da36a9002f287ff400b43ca51791920bfb35f6917bfe041c", size = 10716510 }
wheels = [
    { url = "https://files.pythonhosted.org/packages/ba/0f/7e042df3d462d39ae01b27a09ee76653692442bc3701fbfa6cb38e12889d/Django-5.1.7-py3-none-any.whl", hash = "sha256:1323617cb624add820cb9611cdcc788312d250824f92ca6048fda8625514af2b", size = 8276912 },
]

[[package]]
name = "sclass"
version = "0.1.0"
source = { virtual = "." }
dependencies = [
    { name = "django", version = "4.2.20", source = { registry = "https://pypi.org/simple" }, marker = "python_full_version < '3.10'" },
    { name = "django", version = "5.1.7", source = { registry = "https://pypi.org/simple" }, marker = "python_full_version >= '3.10'" },
]

[package.metadata]
requires-dist = [{ name = "django", specifier = ">=4.2.20" }]

[[package]]
name = "sqlparse"
version = "0.5.3"
source = { registry = "https://pypi.org/simple" }
sdist = { url = "https://files.pythonhosted.org/packages/e5/40/edede8dd6977b0d3da179a342c198ed100dd2aba4be081861ee5911e4da4/sqlparse-0.5.3.tar.gz", hash = "sha256:09f67787f56a0b16ecdbde1bfc7f5d9c3371ca683cfeaa8e6ff60b4807ec9272", size = 84999 }
wheels = [
    { url = "https://files.pythonhosted.org/packages/a9/5c/bfd6bd0bf979426d405cc6e71eceb8701b148b16c21d2dc3c261efc61c7b/sqlparse-0.5.3-py3-none-any.whl", hash = "sha256:cf2196ed3418f3ba5de6af7e82c694a9fbdbfecccdfc72e281548517081f16ca", size = 44415 },
]

[[package]]
name = "typing-extensions"
version = "4.12.2"
source = { registry = "https://pypi.org/simple" }
sdist = { url = "https://files.pythonhosted.org/packages/df/db/f35a00659bc03fec321ba8bce9420de607a1d37f8342eee1863174c69557/typing_extensions-4.12.2.tar.gz", hash = "sha256:1a7ead55c7e559dd4dee8856e3a88b41225abfe1ce8df57b7c13915fe121ffb8", size = 85321 }
wheels = [
    { url = "https://files.pythonhosted.org/packages/26/9f/ad63fc0248c5379346306f8668cda6e2e2e9c95e01216d2b8ffd9ff037d0/typing_extensions-4.12.2-py3-none-any.whl", hash = "sha256:04e5ca0351e0f3f85c6853954072df659d0d13fac324d0072316b67d7794700d", size = 37438 },
]

[[package]]
name = "tzdata"
version = "2025.1"
source = { registry = "https://pypi.org/simple" }
sdist = { url = "https://files.pythonhosted.org/packages/43/0f/fa4723f22942480be4ca9527bbde8d43f6c3f2fe8412f00e7f5f6746bc8b/tzdata-2025.1.tar.gz", hash = "sha256:24894909e88cdb28bd1636c6887801df64cb485bd593f2fd83ef29075a81d694", size = 194950 }
wheels = [
    { url = "https://files.pythonhosted.org/packages/0f/dd/84f10e23edd882c6f968c21c2434fe67bd4a528967067515feca9e611e5e/tzdata-2025.1-py2.py3-none-any.whl", hash = "sha256:7e127113816800496f027041c570f50bcd464a020098a3b6b199517772303639", size = 346762 },
]
